{
  "version": 4,
  "terraform_version": "1.13.4",
  "serial": 32,
  "lineage": "d2a5314c-c5e9-96a5-26ce-2ad4a42fa6ee",
  "outputs": {
    "instance_name": {
      "value": "flask-backend-instance",
      "type": "string"
    },
    "instance_public_ip": {
      "value": "34.121.84.4",
      "type": "string"
    },
    "private_subnet_name": {
      "value": "private-subnet",
      "type": "string"
    },
    "public_subnet_name": {
      "value": "public-subnet",
      "type": "string"
    },
    "vpc_name": {
      "value": "flask-vpc",
      "type": "string"
    }
  },
  "resources": [
    {
      "mode": "managed",
      "type": "google_compute_firewall",
      "name": "allow_app",
      "provider": "provider[\"registry.terraform.io/hashicorp/google\"]",
      "instances": [
        {
          "schema_version": 1,
          "attributes": {
            "allow": [
              {
                "ports": [
                  "80",
                  "443",
                  "5000"
                ],
                "protocol": "tcp"
              }
            ],
            "creation_timestamp": "2025-11-15T10:32:44.291-08:00",
            "deny": [],
            "description": "",
            "destination_ranges": [],
            "direction": "INGRESS",
            "disabled": false,
            "enable_logging": null,
            "id": "projects/groovy-student-475217-a3/global/firewalls/allow-app-traffic",
            "log_config": [],
            "name": "allow-app-traffic",
            "network": "https://www.googleapis.com/compute/v1/projects/groovy-student-475217-a3/global/networks/flask-vpc",
            "priority": 1000,
            "project": "groovy-student-475217-a3",
            "self_link": "https://www.googleapis.com/compute/v1/projects/groovy-student-475217-a3/global/firewalls/allow-app-traffic",
            "source_ranges": [
              "0.0.0.0/0"
            ],
            "source_service_accounts": [],
            "source_tags": [],
            "target_service_accounts": [],
            "target_tags": [
              "allow-app"
            ],
            "timeouts": null
          },
          "sensitive_attributes": [],
          "identity_schema_version": 0,
          "private": "eyJlMmJmYjczMC1lY2FhLTExZTYtOGY4OC0zNDM2M2JjN2M0YzAiOnsiY3JlYXRlIjoxMjAwMDAwMDAwMDAwLCJkZWxldGUiOjEyMDAwMDAwMDAwMDAsInVwZGF0ZSI6MTIwMDAwMDAwMDAwMH0sInNjaGVtYV92ZXJzaW9uIjoiMSJ9",
          "dependencies": [
            "google_compute_network.vpc"
          ]
        }
      ]
    },
    {
      "mode": "managed",
      "type": "google_compute_firewall",
      "name": "allow_ssh",
      "provider": "provider[\"registry.terraform.io/hashicorp/google\"]",
      "instances": [
        {
          "schema_version": 1,
          "attributes": {
            "allow": [
              {
                "ports": [
                  "22"
                ],
                "protocol": "tcp"
              }
            ],
            "creation_timestamp": "2025-11-15T10:32:44.329-08:00",
            "deny": [],
            "description": "",
            "destination_ranges": [],
            "direction": "INGRESS",
            "disabled": false,
            "enable_logging": null,
            "id": "projects/groovy-student-475217-a3/global/firewalls/allow-ssh",
            "log_config": [],
            "name": "allow-ssh",
            "network": "https://www.googleapis.com/compute/v1/projects/groovy-student-475217-a3/global/networks/flask-vpc",
            "priority": 1000,
            "project": "groovy-student-475217-a3",
            "self_link": "https://www.googleapis.com/compute/v1/projects/groovy-student-475217-a3/global/firewalls/allow-ssh",
            "source_ranges": [
              "0.0.0.0/0"
            ],
            "source_service_accounts": [],
            "source_tags": [],
            "target_service_accounts": [],
            "target_tags": [
              "allow-ssh"
            ],
            "timeouts": null
          },
          "sensitive_attributes": [],
          "identity_schema_version": 0,
          "private": "eyJlMmJmYjczMC1lY2FhLTExZTYtOGY4OC0zNDM2M2JjN2M0YzAiOnsiY3JlYXRlIjoxMjAwMDAwMDAwMDAwLCJkZWxldGUiOjEyMDAwMDAwMDAwMDAsInVwZGF0ZSI6MTIwMDAwMDAwMDAwMH0sInNjaGVtYV92ZXJzaW9uIjoiMSJ9",
          "dependencies": [
            "google_compute_network.vpc"
          ]
        }
      ]
    },
    {
      "mode": "managed",
      "type": "google_compute_instance",
      "name": "app_instance",
      "provider": "provider[\"registry.terraform.io/hashicorp/google\"]",
      "instances": [
        {
          "schema_version": 6,
          "attributes": {
            "advanced_machine_features": [],
            "allow_stopping_for_update": null,
            "attached_disk": [],
            "boot_disk": [
              {
                "auto_delete": true,
                "device_name": "persistent-disk-0",
                "disk_encryption_key_raw": "",
                "disk_encryption_key_sha256": "",
                "initialize_params": [
                  {
                    "enable_confidential_compute": false,
                    "image": "https://www.googleapis.com/compute/v1/projects/debian-cloud/global/images/debian-12-bookworm-v20251111",
                    "labels": {},
                    "provisioned_iops": 0,
                    "provisioned_throughput": 0,
                    "resource_manager_tags": null,
                    "size": 20,
                    "storage_pool": "",
                    "type": "pd-standard"
                  }
                ],
                "kms_key_self_link": "",
                "mode": "READ_WRITE",
                "source": "https://www.googleapis.com/compute/v1/projects/groovy-student-475217-a3/zones/us-central1-a/disks/flask-backend-instance"
              }
            ],
            "can_ip_forward": false,
            "confidential_instance_config": [],
            "cpu_platform": "Intel Broadwell",
            "current_status": "RUNNING",
            "deletion_protection": false,
            "description": "",
            "desired_status": null,
            "effective_labels": {
              "application": "flask-backend",
              "environment": "production"
            },
            "enable_display": false,
            "guest_accelerator": [],
            "hostname": "",
            "id": "projects/groovy-student-475217-a3/zones/us-central1-a/instances/flask-backend-instance",
            "instance_id": "7356756867725748316",
            "label_fingerprint": "SWkYi78tR7Q=",
            "labels": {
              "application": "flask-backend",
              "environment": "production"
            },
            "machine_type": "e2-medium",
            "metadata": {
              "enable-oslogin": "true"
            },
            "metadata_fingerprint": "HBlsp2F6s0I=",
            "metadata_startup_script": "#!/bin/bash\nset -e\n\n# Log startup\necho \"Starting Flask backend container...\"\n\n# Update system\napt-get update\napt-get install -y ca-certificates curl gnupg\n\n# Add Docker GPG key\ncurl -fsSL https://download.docker.com/linux/debian/gpg | gpg --dearmor -o /usr/share/keyrings/docker-archive-keyring.gpg\n\n# Add Docker repository\necho \"deb [arch=$(dpkg --print-architecture) signed-by=/usr/share/keyrings/docker-archive-keyring.gpg] https://download.docker.com/linux/debian $(lsb_release -cs) stable\" | tee /etc/apt/sources.list.d/docker.list \u003e /dev/null\n\n# Install Docker and gcloud\napt-get update\napt-get install -y docker-ce docker-ce-cli containerd.io docker-compose-plugin google-cloud-cli\n\n# Start Docker\nsystemctl start docker\nsystemctl enable docker\n\n# Add root to docker group so we don't need sudo\nusermod -aG docker root\nnewgrp docker\n\n# Configure Docker authentication for Artifact Registry using gcloud\ngcloud auth configure-docker us-central1-docker.pkg.dev\n\n# Pull the latest image\necho \"Pulling Docker image: us-docker.pkg.dev/groovy-student-475217-a3/docker-repo/fadil-backend:latest\"\ndocker pull us-docker.pkg.dev/groovy-student-475217-a3/docker-repo/fadil-backend:latest\n\n# Stop and remove old container if it exists\necho \"Stopping old container if it exists...\"\ndocker stop flask-backend 2\u003e/dev/null || true\ndocker rm flask-backend 2\u003e/dev/null || true\n\n# Run the container\necho \"Starting new container...\"\ndocker run -d \\\n  --name flask-backend \\\n  -p 5000:5000 \\\n  --restart=always \\\n  us-docker.pkg.dev/groovy-student-475217-a3/docker-repo/fadil-backend:latest\n\n# Verify container is running\necho \"Container status:\"\ndocker ps\n\necho \"Container started successfully on port 5000\"\n\n\n",
            "min_cpu_platform": "",
            "name": "flask-backend-instance",
            "network_interface": [
              {
                "access_config": [
                  {
                    "nat_ip": "34.121.84.4",
                    "network_tier": "PREMIUM",
                    "public_ptr_domain_name": ""
                  }
                ],
                "alias_ip_range": [],
                "internal_ipv6_prefix_length": 0,
                "ipv6_access_config": [],
                "ipv6_access_type": "",
                "ipv6_address": "",
                "name": "nic0",
                "network": "https://www.googleapis.com/compute/v1/projects/groovy-student-475217-a3/global/networks/flask-vpc",
                "network_ip": "10.0.1.4",
                "nic_type": "",
                "queue_count": 0,
                "stack_type": "IPV4_ONLY",
                "subnetwork": "https://www.googleapis.com/compute/v1/projects/groovy-student-475217-a3/regions/us-central1/subnetworks/public-subnet",
                "subnetwork_project": "groovy-student-475217-a3"
              }
            ],
            "network_performance_config": [],
            "params": [],
            "project": "groovy-student-475217-a3",
            "reservation_affinity": [],
            "resource_policies": null,
            "scheduling": [
              {
                "automatic_restart": true,
                "instance_termination_action": "",
                "local_ssd_recovery_timeout": [],
                "max_run_duration": [],
                "min_node_cpus": 0,
                "node_affinities": [],
                "on_host_maintenance": "MIGRATE",
                "on_instance_stop_action": [],
                "preemptible": false,
                "provisioning_model": "STANDARD"
              }
            ],
            "scratch_disk": [],
            "self_link": "https://www.googleapis.com/compute/v1/projects/groovy-student-475217-a3/zones/us-central1-a/instances/flask-backend-instance",
            "service_account": [
              {
                "email": "flask-backend-sa@groovy-student-475217-a3.iam.gserviceaccount.com",
                "scopes": [
                  "https://www.googleapis.com/auth/cloud-platform"
                ]
              }
            ],
            "shielded_instance_config": [
              {
                "enable_integrity_monitoring": true,
                "enable_secure_boot": false,
                "enable_vtpm": true
              }
            ],
            "tags": [
              "allow-app",
              "allow-ssh"
            ],
            "tags_fingerprint": "MDI1BHWzDt0=",
            "terraform_labels": {
              "application": "flask-backend",
              "environment": "production"
            },
            "timeouts": null,
            "zone": "us-central1-a"
          },
          "sensitive_attributes": [
            [
              {
                "type": "get_attr",
                "value": "boot_disk"
              },
              {
                "type": "index",
                "value": {
                  "value": 0,
                  "type": "number"
                }
              },
              {
                "type": "get_attr",
                "value": "disk_encryption_key_raw"
              }
            ]
          ],
          "identity_schema_version": 0,
          "private": "eyJlMmJmYjczMC1lY2FhLTExZTYtOGY4OC0zNDM2M2JjN2M0YzAiOnsiY3JlYXRlIjoxMjAwMDAwMDAwMDAwLCJkZWxldGUiOjEyMDAwMDAwMDAwMDAsInVwZGF0ZSI6MTIwMDAwMDAwMDAwMH0sInNjaGVtYV92ZXJzaW9uIjoiNiJ9",
          "dependencies": [
            "google_compute_firewall.allow_app",
            "google_compute_firewall.allow_ssh",
            "google_compute_network.vpc",
            "google_compute_subnetwork.public_subnet",
            "google_service_account.compute_sa"
          ]
        }
      ]
    },
    {
      "mode": "managed",
      "type": "google_compute_network",
      "name": "vpc",
      "provider": "provider[\"registry.terraform.io/hashicorp/google\"]",
      "instances": [
        {
          "schema_version": 0,
          "attributes": {
            "auto_create_subnetworks": false,
            "delete_default_routes_on_create": false,
            "description": "",
            "enable_ula_internal_ipv6": false,
            "gateway_ipv4": "",
            "id": "projects/groovy-student-475217-a3/global/networks/flask-vpc",
            "internal_ipv6_range": "",
            "mtu": 0,
            "name": "flask-vpc",
            "network_firewall_policy_enforcement_order": "AFTER_CLASSIC_FIREWALL",
            "numeric_id": "6614520174617131439",
            "project": "groovy-student-475217-a3",
            "routing_mode": "REGIONAL",
            "self_link": "https://www.googleapis.com/compute/v1/projects/groovy-student-475217-a3/global/networks/flask-vpc",
            "timeouts": null
          },
          "sensitive_attributes": [],
          "identity_schema_version": 0,
          "private": "eyJlMmJmYjczMC1lY2FhLTExZTYtOGY4OC0zNDM2M2JjN2M0YzAiOnsiY3JlYXRlIjoxMjAwMDAwMDAwMDAwLCJkZWxldGUiOjEyMDAwMDAwMDAwMDAsInVwZGF0ZSI6MTIwMDAwMDAwMDAwMH19"
        }
      ]
    },
    {
      "mode": "managed",
      "type": "google_compute_subnetwork",
      "name": "private_subnet",
      "provider": "provider[\"registry.terraform.io/hashicorp/google\"]",
      "instances": [
        {
          "schema_version": 0,
          "attributes": {
            "creation_timestamp": "2025-11-15T10:32:44.298-08:00",
            "description": "",
            "external_ipv6_prefix": "",
            "fingerprint": null,
            "gateway_address": "10.0.2.1",
            "id": "projects/groovy-student-475217-a3/regions/us-central1/subnetworks/private-subnet",
            "internal_ipv6_prefix": "",
            "ip_cidr_range": "10.0.2.0/24",
            "ipv6_access_type": "",
            "ipv6_cidr_range": "",
            "log_config": [],
            "name": "private-subnet",
            "network": "https://www.googleapis.com/compute/v1/projects/groovy-student-475217-a3/global/networks/flask-vpc",
            "private_ip_google_access": false,
            "private_ipv6_google_access": "DISABLE_GOOGLE_ACCESS",
            "project": "groovy-student-475217-a3",
            "purpose": "PRIVATE",
            "region": "us-central1",
            "role": "",
            "secondary_ip_range": [],
            "self_link": "https://www.googleapis.com/compute/v1/projects/groovy-student-475217-a3/regions/us-central1/subnetworks/private-subnet",
            "send_secondary_ip_range_if_empty": null,
            "stack_type": "IPV4_ONLY",
            "timeouts": null
          },
          "sensitive_attributes": [],
          "identity_schema_version": 0,
          "private": "eyJlMmJmYjczMC1lY2FhLTExZTYtOGY4OC0zNDM2M2JjN2M0YzAiOnsiY3JlYXRlIjoxMjAwMDAwMDAwMDAwLCJkZWxldGUiOjEyMDAwMDAwMDAwMDAsInVwZGF0ZSI6MTIwMDAwMDAwMDAwMH19",
          "dependencies": [
            "google_compute_network.vpc"
          ]
        }
      ]
    },
    {
      "mode": "managed",
      "type": "google_compute_subnetwork",
      "name": "public_subnet",
      "provider": "provider[\"registry.terraform.io/hashicorp/google\"]",
      "instances": [
        {
          "schema_version": 0,
          "attributes": {
            "creation_timestamp": "2025-11-15T10:32:44.283-08:00",
            "description": "",
            "external_ipv6_prefix": "",
            "fingerprint": null,
            "gateway_address": "10.0.1.1",
            "id": "projects/groovy-student-475217-a3/regions/us-central1/subnetworks/public-subnet",
            "internal_ipv6_prefix": "",
            "ip_cidr_range": "10.0.1.0/24",
            "ipv6_access_type": "",
            "ipv6_cidr_range": "",
            "log_config": [],
            "name": "public-subnet",
            "network": "https://www.googleapis.com/compute/v1/projects/groovy-student-475217-a3/global/networks/flask-vpc",
            "private_ip_google_access": false,
            "private_ipv6_google_access": "DISABLE_GOOGLE_ACCESS",
            "project": "groovy-student-475217-a3",
            "purpose": "PRIVATE",
            "region": "us-central1",
            "role": "",
            "secondary_ip_range": [],
            "self_link": "https://www.googleapis.com/compute/v1/projects/groovy-student-475217-a3/regions/us-central1/subnetworks/public-subnet",
            "send_secondary_ip_range_if_empty": null,
            "stack_type": "IPV4_ONLY",
            "timeouts": null
          },
          "sensitive_attributes": [],
          "identity_schema_version": 0,
          "private": "eyJlMmJmYjczMC1lY2FhLTExZTYtOGY4OC0zNDM2M2JjN2M0YzAiOnsiY3JlYXRlIjoxMjAwMDAwMDAwMDAwLCJkZWxldGUiOjEyMDAwMDAwMDAwMDAsInVwZGF0ZSI6MTIwMDAwMDAwMDAwMH19",
          "dependencies": [
            "google_compute_network.vpc"
          ]
        }
      ]
    },
    {
      "mode": "managed",
      "type": "google_project_iam_member",
      "name": "artifact_registry_reader",
      "provider": "provider[\"registry.terraform.io/hashicorp/google\"]",
      "instances": [
        {
          "schema_version": 0,
          "attributes": {
            "condition": [],
            "etag": "BwZDp0I41Fc=",
            "id": "groovy-student-475217-a3/roles/artifactregistry.reader/serviceAccount:flask-backend-sa@groovy-student-475217-a3.iam.gserviceaccount.com",
            "member": "serviceAccount:flask-backend-sa@groovy-student-475217-a3.iam.gserviceaccount.com",
            "project": "groovy-student-475217-a3",
            "role": "roles/artifactregistry.reader"
          },
          "sensitive_attributes": [],
          "identity_schema_version": 0,
          "private": "bnVsbA==",
          "dependencies": [
            "google_service_account.compute_sa"
          ]
        }
      ]
    },
    {
      "mode": "managed",
      "type": "google_service_account",
      "name": "compute_sa",
      "provider": "provider[\"registry.terraform.io/hashicorp/google\"]",
      "instances": [
        {
          "schema_version": 0,
          "attributes": {
            "account_id": "flask-backend-sa",
            "create_ignore_already_exists": null,
            "description": "",
            "disabled": false,
            "display_name": "Flask Backend Service Account",
            "email": "flask-backend-sa@groovy-student-475217-a3.iam.gserviceaccount.com",
            "id": "projects/groovy-student-475217-a3/serviceAccounts/flask-backend-sa@groovy-student-475217-a3.iam.gserviceaccount.com",
            "member": "serviceAccount:flask-backend-sa@groovy-student-475217-a3.iam.gserviceaccount.com",
            "name": "projects/groovy-student-475217-a3/serviceAccounts/flask-backend-sa@groovy-student-475217-a3.iam.gserviceaccount.com",
            "project": "groovy-student-475217-a3",
            "timeouts": null,
            "unique_id": "110820315087291631640"
          },
          "sensitive_attributes": [],
          "identity_schema_version": 0,
          "private": "eyJlMmJmYjczMC1lY2FhLTExZTYtOGY4OC0zNDM2M2JjN2M0YzAiOnsiY3JlYXRlIjozMDAwMDAwMDAwMDB9fQ=="
        }
      ]
    }
  ],
  "check_results": null
}
